PODS:
  - Action (4.2.0):
    - RxCocoa (< 7.0, >= 5.0)
    - RxSwift (< 7.0, >= 5.0)
  - Alamofire (5.2.1)
  - AlamofireImage (4.1.0):
    - Alamofire (~> 5.1)
  - Differentiator (4.0.1)
  - IQKeyboardManagerSwift (6.5.12)
  - MaterialComponents/AnimationTiming (109.6.0)
  - MaterialComponents/Availability (109.6.0)
  - MaterialComponents/Buttons (109.6.0):
    - MaterialComponents/Elevation
    - MaterialComponents/Ink
    - MaterialComponents/private/Math
    - MaterialComponents/Ripple
    - MaterialComponents/ShadowElevations
    - MaterialComponents/ShadowLayer
    - MaterialComponents/ShapeLibrary
    - MaterialComponents/Shapes
    - MaterialComponents/Typography
    - MDFInternationalization
    - MDFTextAccessibility
  - MaterialComponents/Elevation (109.6.0):
    - MaterialComponents/Availability
    - MaterialComponents/private/Color
    - MaterialComponents/private/Math
  - MaterialComponents/Ink (109.6.0):
    - MaterialComponents/Availability
    - MaterialComponents/private/Color
    - MaterialComponents/private/Math
  - MaterialComponents/OverlayWindow (109.6.0):
    - MaterialComponents/Availability
    - MaterialComponents/private/Application
  - MaterialComponents/private/Application (109.6.0)
  - MaterialComponents/private/Color (109.6.0):
    - MaterialComponents/Availability
  - MaterialComponents/private/KeyboardWatcher (109.6.0):
    - MaterialComponents/private/Application
  - MaterialComponents/private/Math (109.6.0)
  - MaterialComponents/private/Overlay (109.6.0)
  - MaterialComponents/Ripple (109.6.0):
    - MaterialComponents/AnimationTiming
    - MaterialComponents/Availability
    - MaterialComponents/private/Color
    - MaterialComponents/private/Math
  - MaterialComponents/ShadowElevations (109.6.0)
  - MaterialComponents/ShadowLayer (109.6.0):
    - MaterialComponents/ShadowElevations
  - MaterialComponents/ShapeLibrary (109.6.0):
    - MaterialComponents/private/Math
    - MaterialComponents/Shapes
  - MaterialComponents/Shapes (109.6.0):
    - MaterialComponents/private/Color
    - MaterialComponents/private/Math
    - MaterialComponents/ShadowLayer
  - MaterialComponents/Snackbar (109.6.0):
    - MaterialComponents/AnimationTiming
    - MaterialComponents/Availability
    - MaterialComponents/Buttons
    - MaterialComponents/Elevation
    - MaterialComponents/OverlayWindow
    - MaterialComponents/private/Application
    - MaterialComponents/private/KeyboardWatcher
    - MaterialComponents/private/Math
    - MaterialComponents/private/Overlay
    - MaterialComponents/ShadowElevations
    - MaterialComponents/ShadowLayer
    - MaterialComponents/Typography
  - MaterialComponents/Typography (109.6.0):
    - MaterialComponents/private/Application
    - MaterialComponents/private/Math
  - MDFInternationalization (3.0.0)
  - MDFTextAccessibility (2.0.1)
  - R.swift (7.3.2)
  - Realm (10.41.0):
    - Realm/Headers (= 10.41.0)
  - Realm/Headers (10.41.0)
  - RealmSwift (10.41.0):
    - Realm (= 10.41.0)
  - RxCocoa (5.1.3):
    - RxRelay (~> 5)
    - RxSwift (~> 5)
  - RxDataSources (4.0.1):
    - Differentiator (~> 4.0)
    - RxCocoa (~> 5.0)
    - RxSwift (~> 5.0)
  - RxOptional (4.1.0):
    - RxCocoa (~> 5)
    - RxSwift (~> 5)
  - RxRelay (5.1.3):
    - RxSwift (~> 5)
  - RxSwift (5.1.3)
  - RxSwiftExt (5.2.0):
    - RxSwiftExt/Core (= 5.2.0)
    - RxSwiftExt/RxCocoa (= 5.2.0)
  - RxSwiftExt/Core (5.2.0):
    - RxSwift (~> 5.0)
  - RxSwiftExt/RxCocoa (5.2.0):
    - RxCocoa (~> 5.0)
    - RxSwiftExt/Core
  - SnapKit (4.0.1)
  - SwiftyJSON (5.0.1)

DEPENDENCIES:
  - Action
  - Alamofire (= 5.2.1)
  - AlamofireImage
  - IQKeyboardManagerSwift
  - MaterialComponents/Snackbar (= 109.6.0)
  - R.swift
  - RealmSwift
  - RxCocoa (~> 5.0)
  - RxDataSources
  - RxOptional
  - RxSwift (~> 5.0)
  - RxSwiftExt (~> 5.0)
  - SnapKit (~> 4.0.0)
  - SwiftyJSON (~> 5.0)

SPEC REPOS:
  trunk:
    - Action
    - Alamofire
    - AlamofireImage
    - Differentiator
    - IQKeyboardManagerSwift
    - MaterialComponents
    - MDFInternationalization
    - MDFTextAccessibility
    - R.swift
    - Realm
    - RealmSwift
    - RxCocoa
    - RxDataSources
    - RxOptional
    - RxRelay
    - RxSwift
    - RxSwiftExt
    - SnapKit
    - SwiftyJSON

SPEC CHECKSUMS:
  Action: 5dc2194f7a0b77857c82a677b0da655f197c005f
  Alamofire: e911732990610fe89af59ac0077f923d72dc3dfd
  AlamofireImage: c4a2ba349885fb3064feb74d2e547bd42ce9be10
  Differentiator: 886080237d9f87f322641dedbc5be257061b0602
  IQKeyboardManagerSwift: 371b08cb39664fb56030f5345c815a4ffc74bbc0
  MaterialComponents: 7c5a7d77fbe08aca9383fc97aeb7423b1fbce6b4
  MDFInternationalization: d697c55307816222a55685c4ccb1044ffb030c12
  MDFTextAccessibility: f4bb4cc2194286651b59a215fdeaa0e05dc90ba5
  R.swift: 0af0d882f49f03711415cb4e5215daa977d8a480
  Realm: 669efee7dc1ce0aa9f6739a60f8c0df0a3835067
  RealmSwift: 6b7b0e91b79dc66d5cfceeb3b319cacfc9b1a70e
  RxCocoa: e2ed092d5432e4296aa818021d27de4090ac0354
  RxDataSources: efee07fa4de48477eca0a4611e6d11e2da9c1114
  RxOptional: b1fcd60856807a564c0215c2184b8d33e7826dc2
  RxRelay: 5a18c2eb2d68326ebaf0112f80d837ae41b92b97
  RxSwift: 915abbdfb62214aa89ccd0b194d44fb478019b27
  RxSwiftExt: 4ca80336f43c28f11a2825cdd2fc61dd6c044697
  SnapKit: 0de968a9fec17499afa29683b05d0c775b6d1c29
  SwiftyJSON: 2f33a42c6fbc52764d96f13368585094bfd8aa5e

PODFILE CHECKSUM: 8e968593f56dee8482356be5e32146f3f611a465

COCOAPODS: 1.12.1
