// !$*UTF8*$!
{
	archiveVersion = 1;
	classes = {
	};
	objectVersion = 56;
	objects = {

/* Begin PBXBuildFile section */
		CAFB1B122A5F2FA000D1F6DB /* AppDelegate.swift in Sources */ = {isa = PBXBuildFile; fileRef = CAFB1B112A5F2FA000D1F6DB /* AppDelegate.swift */; };
		CAFB1B142A5F2FA000D1F6DB /* SceneDelegate.swift in Sources */ = {isa = PBXBuildFile; fileRef = CAFB1B132A5F2FA000D1F6DB /* SceneDelegate.swift */; };
		CAFB1B162A5F2FA000D1F6DB /* ViewController.swift in Sources */ = {isa = PBXBuildFile; fileRef = CAFB1B152A5F2FA000D1F6DB /* ViewController.swift */; };
		CAFB1B192A5F2FA000D1F6DB /* Main.storyboard in Resources */ = {isa = PBXBuildFile; fileRef = CAFB1B172A5F2FA000D1F6DB /* Main.storyboard */; };
		CAFB1B1B2A5F2FA100D1F6DB /* Assets.xcassets in Resources */ = {isa = PBXBuildFile; fileRef = CAFB1B1A2A5F2FA100D1F6DB /* Assets.xcassets */; };
		CAFB1B1E2A5F2FA100D1F6DB /* LaunchScreen.storyboard in Resources */ = {isa = PBXBuildFile; fileRef = CAFB1B1C2A5F2FA100D1F6DB /* LaunchScreen.storyboard */; };
/* End PBXBuildFile section */

/* Begin PBXFileReference section */
		CAFB1B0E2A5F2FA000D1F6DB /* cowry-cal.app */ = {isa = PBXFileReference; explicitFileType = wrapper.application; includeInIndex = 0; path = "cowry-cal.app"; sourceTree = BUILT_PRODUCTS_DIR; };
		CAFB1B112A5F2FA000D1F6DB /* AppDelegate.swift */ = {isa = PBXFileReference; lastKnownFileType = sourcecode.swift; path = AppDelegate.swift; sourceTree = "<group>"; };
		CAFB1B132A5F2FA000D1F6DB /* SceneDelegate.swift */ = {isa = PBXFileReference; lastKnownFileType = sourcecode.swift; path = SceneDelegate.swift; sourceTree = "<group>"; };
		CAFB1B152A5F2FA000D1F6DB /* ViewController.swift */ = {isa = PBXFileReference; lastKnownFileType = sourcecode.swift; path = ViewController.swift; sourceTree = "<group>"; };
		CAFB1B182A5F2FA000D1F6DB /* Base */ = {isa = PBXFileReference; lastKnownFileType = file.storyboard; name = Base; path = Base.lproj/Main.storyboard; sourceTree = "<group>"; };
		CAFB1B1A2A5F2FA100D1F6DB /* Assets.xcassets */ = {isa = PBXFileReference; lastKnownFileType = folder.assetcatalog; path = Assets.xcassets; sourceTree = "<group>"; };
		CAFB1B1D2A5F2FA100D1F6DB /* Base */ = {isa = PBXFileReference; lastKnownFileType = file.storyboard; name = Base; path = Base.lproj/LaunchScreen.storyboard; sourceTree = "<group>"; };
		CAFB1B1F2A5F2FA100D1F6DB /* Info.plist */ = {isa = PBXFileReference; lastKnownFileType = text.plist.xml; path = Info.plist; sourceTree = "<group>"; };
/* End PBXFileReference section */

/* Begin PBXFrameworksBuildPhase section */
		CAFB1B0B2A5F2FA000D1F6DB /* Frameworks */ = {
			isa = PBXFrameworksBuildPhase;
			buildActionMask = 2147483647;
			files = (
			);
			runOnlyForDeploymentPostprocessing = 0;
		};
/* End PBXFrameworksBuildPhase section */

/* Begin PBXGroup section */
		CAFB1B052A5F2FA000D1F6DB = {
			isa = PBXGroup;
			children = (
				CAFB1B102A5F2FA000D1F6DB /* cowry-cal */,
				CAFB1B0F2A5F2FA000D1F6DB /* Products */,
			);
			sourceTree = "<group>";
		};
		CAFB1B0F2A5F2FA000D1F6DB /* Products */ = {
			isa = PBXGroup;
			children = (
				CAFB1B0E2A5F2FA000D1F6DB /* cowry-cal.app */,
			);
			name = Products;
			sourceTree = "<group>";
		};
		CAFB1B102A5F2FA000D1F6DB /* cowry-cal */ = {
			isa = PBXGroup;
			children = (
				CAFB1B112A5F2FA000D1F6DB /* AppDelegate.swift */,
				CAFB1B132A5F2FA000D1F6DB /* SceneDelegate.swift */,
				CAFB1B152A5F2FA000D1F6DB /* ViewController.swift */,
				CAFB1B172A5F2FA000D1F6DB /* Main.storyboard */,
				CAFB1B1A2A5F2FA100D1F6DB /* Assets.xcassets */,
				CAFB1B1C2A5F2FA100D1F6DB /* LaunchScreen.storyboard */,
				CAFB1B1F2A5F2FA100D1F6DB /* Info.plist */,
			);
			path = "cowry-cal";
			sourceTree = "<group>";
		};
/* End PBXGroup section */

/* Begin PBXNativeTarget section */
		CAFB1B0D2A5F2FA000D1F6DB /* cowry-cal */ = {
			isa = PBXNativeTarget;
			buildConfigurationList = CAFB1B222A5F2FA100D1F6DB /* Build configuration list for PBXNativeTarget "cowry-cal" */;
			buildPhases = (
				CAFB1B0A2A5F2FA000D1F6DB /* Sources */,
				CAFB1B0B2A5F2FA000D1F6DB /* Frameworks */,
				CAFB1B0C2A5F2FA000D1F6DB /* Resources */,
			);
			buildRules = (
			);
			dependencies = (
			);
			name = "cowry-cal";
			productName = "cowry-cal";
			productReference = CAFB1B0E2A5F2FA000D1F6DB /* cowry-cal.app */;
			productType = "com.apple.product-type.application";
		};
/* End PBXNativeTarget section */

/* Begin PBXProject section */
		CAFB1B062A5F2FA000D1F6DB /* Project object */ = {
			isa = PBXProject;
			attributes = {
				BuildIndependentTargetsInParallel = 1;
				LastSwiftUpdateCheck = 1430;
				LastUpgradeCheck = 1430;
				TargetAttributes = {
					CAFB1B0D2A5F2FA000D1F6DB = {
						CreatedOnToolsVersion = 14.3;
					};
				};
			};
			buildConfigurationList = CAFB1B092A5F2FA000D1F6DB /* Build configuration list for PBXProject "cowry-cal" */;
			compatibilityVersion = "Xcode 14.0";
			developmentRegion = en;
			hasScannedForEncodings = 0;
			knownRegions = (
				en,
				Base,
			);
			mainGroup = CAFB1B052A5F2FA000D1F6DB;
			productRefGroup = CAFB1B0F2A5F2FA000D1F6DB /* Products */;
			projectDirPath = "";
			projectRoot = "";
			targets = (
				CAFB1B0D2A5F2FA000D1F6DB /* cowry-cal */,
			);
		};
/* End PBXProject section */

/* Begin PBXResourcesBuildPhase section */
		CAFB1B0C2A5F2FA000D1F6DB /* Resources */ = {
			isa = PBXResourcesBuildPhase;
			buildActionMask = 2147483647;
			files = (
				CAFB1B1E2A5F2FA100D1F6DB /* LaunchScreen.storyboard in Resources */,
				CAFB1B1B2A5F2FA100D1F6DB /* Assets.xcassets in Resources */,
				CAFB1B192A5F2FA000D1F6DB /* Main.storyboard in Resources */,
			);
			runOnlyForDeploymentPostprocessing = 0;
		};
/* End PBXResourcesBuildPhase section */

/* Begin PBXSourcesBuildPhase section */
		CAFB1B0A2A5F2FA000D1F6DB /* Sources */ = {
			isa = PBXSourcesBuildPhase;
			buildActionMask = 2147483647;
			files = (
				CAFB1B162A5F2FA000D1F6DB /* ViewController.swift in Sources */,
				CAFB1B122A5F2FA000D1F6DB /* AppDelegate.swift in Sources */,
				CAFB1B142A5F2FA000D1F6DB /* SceneDelegate.swift in Sources */,
			);
			runOnlyForDeploymentPostprocessing = 0;
		};
/* End PBXSourcesBuildPhase section */

/* Begin PBXVariantGroup section */
		CAFB1B172A5F2FA000D1F6DB /* Main.storyboard */ = {
			isa = PBXVariantGroup;
			children = (
				CAFB1B182A5F2FA000D1F6DB /* Base */,
			);
			name = Main.storyboard;
			sourceTree = "<group>";
		};
		CAFB1B1C2A5F2FA100D1F6DB /* LaunchScreen.storyboard */ = {
			isa = PBXVariantGroup;
			children = (
				CAFB1B1D2A5F2FA100D1F6DB /* Base */,
			);
			name = LaunchScreen.storyboard;
			sourceTree = "<group>";
		};
/* End PBXVariantGroup section */

/* Begin XCBuildConfiguration section */
		CAFB1B202A5F2FA100D1F6DB /* Debug */ = {
			isa = XCBuildConfiguration;
			buildSettings = {
				ALWAYS_SEARCH_USER_PATHS = NO;
				CLANG_ANALYZER_NONNULL = YES;
				CLANG_ANALYZER_NUMBER_OBJECT_CONVERSION = YES_AGGRESSIVE;
				CLANG_CXX_LANGUAGE_STANDARD = "gnu++20";
				CLANG_ENABLE_MODULES = YES;
				CLANG_ENABLE_OBJC_ARC = YES;
				CLANG_ENABLE_OBJC_WEAK = YES;
				CLANG_WARN_BLOCK_CAPTURE_AUTORELEASING = YES;
				CLANG_WARN_BOOL_CONVERSION = YES;
				CLANG_WARN_COMMA = YES;
				CLANG_WARN_CONSTANT_CONVERSION = YES;
				CLANG_WARN_DEPRECATED_OBJC_IMPLEMENTATIONS = YES;
				CLANG_WARN_DIRECT_OBJC_ISA_USAGE = YES_ERROR;
				CLANG_WARN_DOCUMENTATION_COMMENTS = YES;
				CLANG_WARN_EMPTY_BODY = YES;
				CLANG_WARN_ENUM_CONVERSION = YES;
				CLANG_WARN_INFINITE_RECURSION = YES;
				CLANG_WARN_INT_CONVERSION = YES;
				CLANG_WARN_NON_LITERAL_NULL_CONVERSION = YES;
				CLANG_WARN_OBJC_IMPLICIT_RETAIN_SELF = YES;
				CLANG_WARN_OBJC_LITERAL_CONVERSION = YES;
				CLANG_WARN_OBJC_ROOT_CLASS = YES_ERROR;
				CLANG_WARN_QUOTED_INCLUDE_IN_FRAMEWORK_HEADER = YES;
				CLANG_WARN_RANGE_LOOP_ANALYSIS = YES;
				CLANG_WARN_STRICT_PROTOTYPES = YES;
				CLANG_WARN_SUSPICIOUS_MOVE = YES;
				CLANG_WARN_UNGUARDED_AVAILABILITY = YES_AGGRESSIVE;
				CLANG_WARN_UNREACHABLE_CODE = YES;
				CLANG_WARN__DUPLICATE_METHOD_MATCH = YES;
				COPY_PHASE_STRIP = NO;
				DEBUG_INFORMATION_FORMAT = dwarf;
				ENABLE_STRICT_OBJC_MSGSEND = YES;
				ENABLE_TESTABILITY = YES;
				GCC_C_LANGUAGE_STANDARD = gnu11;
				GCC_DYNAMIC_NO_PIC = NO;
				GCC_NO_COMMON_BLOCKS = YES;
				GCC_OPTIMIZATION_LEVEL = 0;
				GCC_PREPROCESSOR_DEFINITIONS = (
					"DEBUG=1",
					"$(inherited)",
				);
				GCC_WARN_64_TO_32_BIT_CONVERSION = YES;
				GCC_WARN_ABOUT_RETURN_TYPE = YES_ERROR;
				GCC_WARN_UNDECLARED_SELECTOR = YES;
				GCC_WARN_UNINITIALIZED_AUTOS = YES_AGGRESSIVE;
				GCC_WARN_UNUSED_FUNCTION = YES;
				GCC_WARN_UNUSED_VARIABLE = YES;
				IPHONEOS_DEPLOYMENT_TARGET = 16.4;
				MTL_ENABLE_DEBUG_INFO = INCLUDE_SOURCE;
				MTL_FAST_MATH = YES;
				ONLY_ACTIVE_ARCH = YES;
				SDKROOT = iphoneos;
				SWIFT_ACTIVE_COMPILATION_CONDITIONS = DEBUG;
				SWIFT_OPTIMIZATION_LEVEL = "-Onone";
			};
			name = Debug;
		};
		CAFB1B212A5F2FA100D1F6DB /* Release */ = {
			isa = XCBuildConfiguration;
			buildSettings = {
				ALWAYS_SEARCH_USER_PATHS = NO;
				CLANG_ANALYZER_NONNULL = YES;
				CLANG_ANALYZER_NUMBER_OBJECT_CONVERSION = YES_AGGRESSIVE;
				CLANG_CXX_LANGUAGE_STANDARD = "gnu++20";
				CLANG_ENABLE_MODULES = YES;
				CLANG_ENABLE_OBJC_ARC = YES;
				CLANG_ENABLE_OBJC_WEAK = YES;
				CLANG_WARN_BLOCK_CAPTURE_AUTORELEASING = YES;
				CLANG_WARN_BOOL_CONVERSION = YES;
				CLANG_WARN_COMMA = YES;
				CLANG_WARN_CONSTANT_CONVERSION = YES;
				CLANG_WARN_DEPRECATED_OBJC_IMPLEMENTATIONS = YES;
				CLANG_WARN_DIRECT_OBJC_ISA_USAGE = YES_ERROR;
				CLANG_WARN_DOCUMENTATION_COMMENTS = YES;
				CLANG_WARN_EMPTY_BODY = YES;
				CLANG_WARN_ENUM_CONVERSION = YES;
				CLANG_WARN_INFINITE_RECURSION = YES;
				CLANG_WARN_INT_CONVERSION = YES;
				CLANG_WARN_NON_LITERAL_NULL_CONVERSION = YES;
				CLANG_WARN_OBJC_IMPLICIT_RETAIN_SELF = YES;
				CLANG_WARN_OBJC_LITERAL_CONVERSION = YES;
				CLANG_WARN_OBJC_ROOT_CLASS = YES_ERROR;
				CLANG_WARN_QUOTED_INCLUDE_IN_FRAMEWORK_HEADER = YES;
				CLANG_WARN_RANGE_LOOP_ANALYSIS = YES;
				CLANG_WARN_STRICT_PROTOTYPES = YES;
				CLANG_WARN_SUSPICIOUS_MOVE = YES;
				CLANG_WARN_UNGUARDED_AVAILABILITY = YES_AGGRESSIVE;
				CLANG_WARN_UNREACHABLE_CODE = YES;
				CLANG_WARN__DUPLICATE_METHOD_MATCH = YES;
				COPY_PHASE_STRIP = NO;
				DEBUG_INFORMATION_FORMAT = "dwarf-with-dsym";
				ENABLE_NS_ASSERTIONS = NO;
				ENABLE_STRICT_OBJC_MSGSEND = YES;
				GCC_C_LANGUAGE_STANDARD = gnu11;
				GCC_NO_COMMON_BLOCKS = YES;
				GCC_WARN_64_TO_32_BIT_CONVERSION = YES;
				GCC_WARN_ABOUT_RETURN_TYPE = YES_ERROR;
				GCC_WARN_UNDECLARED_SELECTOR = YES;
				GCC_WARN_UNINITIALIZED_AUTOS = YES_AGGRESSIVE;
				GCC_WARN_UNUSED_FUNCTION = YES;
				GCC_WARN_UNUSED_VARIABLE = YES;
				IPHONEOS_DEPLOYMENT_TARGET = 16.4;
				MTL_ENABLE_DEBUG_INFO = NO;
				MTL_FAST_MATH = YES;
				SDKROOT = iphoneos;
				SWIFT_COMPILATION_MODE = wholemodule;
				SWIFT_OPTIMIZATION_LEVEL = "-O";
				VALIDATE_PRODUCT = YES;
			};
			name = Release;
		};
		CAFB1B232A5F2FA100D1F6DB /* Debug */ = {
			isa = XCBuildConfiguration;
			buildSettings = {
				ASSETCATALOG_COMPILER_APPICON_NAME = AppIcon;
				ASSETCATALOG_COMPILER_GLOBAL_ACCENT_COLOR_NAME = AccentColor;
				CODE_SIGN_STYLE = Automatic;
				CURRENT_PROJECT_VERSION = 1;
				DEVELOPMENT_TEAM = 777GN8TMM9;
				GENERATE_INFOPLIST_FILE = YES;
				INFOPLIST_FILE = "cowry-cal/Info.plist";
				INFOPLIST_KEY_UIApplicationSupportsIndirectInputEvents = YES;
				INFOPLIST_KEY_UILaunchStoryboardName = LaunchScreen;
				INFOPLIST_KEY_UIMainStoryboardFile = Main;
				INFOPLIST_KEY_UISupportedInterfaceOrientations = UIInterfaceOrientationPortrait;
				LD_RUNPATH_SEARCH_PATHS = (
					"$(inherited)",
					"@executable_path/Frameworks",
				);
				MARKETING_VERSION = 1.0;
				PRODUCT_BUNDLE_IDENTIFIER = "com.bash.cowry-cal";
				PRODUCT_NAME = "$(TARGET_NAME)";
				SWIFT_EMIT_LOC_STRINGS = YES;
				SWIFT_VERSION = 5.0;
				TARGETED_DEVICE_FAMILY = "1,2";
			};
			name = Debug;
		};
		CAFB1B242A5F2FA100D1F6DB /* Release */ = {
			isa = XCBuildConfiguration;
			buildSettings = {
				ASSETCATALOG_COMPILER_APPICON_NAME = AppIcon;
				ASSETCATALOG_COMPILER_GLOBAL_ACCENT_COLOR_NAME = AccentColor;
				CODE_SIGN_STYLE = Automatic;
				CURRENT_PROJECT_VERSION = 1;
				DEVELOPMENT_TEAM = 777GN8TMM9;
				GENERATE_INFOPLIST_FILE = YES;
				INFOPLIST_FILE = "cowry-cal/Info.plist";
				INFOPLIST_KEY_UIApplicationSupportsIndirectInputEvents = YES;
				INFOPLIST_KEY_UILaunchStoryboardName = LaunchScreen;
				INFOPLIST_KEY_UIMainStoryboardFile = Main;
				INFOPLIST_KEY_UISupportedInterfaceOrientations = UIInterfaceOrientationPortrait;
				LD_RUNPATH_SEARCH_PATHS = (
					"$(inherited)",
					"@executable_path/Frameworks",
				);
				MARKETING_VERSION = 1.0;
				PRODUCT_BUNDLE_IDENTIFIER = "com.bash.cowry-cal";
				PRODUCT_NAME = "$(TARGET_NAME)";
				SWIFT_EMIT_LOC_STRINGS = YES;
				SWIFT_VERSION = 5.0;
				TARGETED_DEVICE_FAMILY = "1,2";
			};
			name = Release;
		};
/* End XCBuildConfiguration section */

/* Begin XCConfigurationList section */
		CAFB1B092A5F2FA000D1F6DB /* Build configuration list for PBXProject "cowry-cal" */ = {
			isa = XCConfigurationList;
			buildConfigurations = (
				CAFB1B202A5F2FA100D1F6DB /* Debug */,
				CAFB1B212A5F2FA100D1F6DB /* Release */,
			);
			defaultConfigurationIsVisible = 0;
			defaultConfigurationName = Release;
		};
		CAFB1B222A5F2FA100D1F6DB /* Build configuration list for PBXNativeTarget "cowry-cal" */ = {
			isa = XCConfigurationList;
			buildConfigurations = (
				CAFB1B232A5F2FA100D1F6DB /* Debug */,
				CAFB1B242A5F2FA100D1F6DB /* Release */,
			);
			defaultConfigurationIsVisible = 0;
			defaultConfigurationName = Release;
		};
/* End XCConfigurationList section */
	};
	rootObject = CAFB1B062A5F2FA000D1F6DB /* Project object */;
}
