// !$*UTF8*$!
{
	archiveVersion = 1;
	classes = {
	};
	objectVersion = 56;
	objects = {

/* Begin PBXBuildFile section */
		407D65BB34BBF0C5D82CA089 /* Pods_cowry_cal.framework in Frameworks */ = {isa = PBXBuildFile; fileRef = B9F3FD2190E324920CB5D23A /* Pods_cowry_cal.framework */; };
		CA68DD3C2A60A64700175780 /* Date+Extension.swift in Sources */ = {isa = PBXBuildFile; fileRef = CA68DD3B2A60A64600175780 /* Date+Extension.swift */; };
		CA72DEF02A60173E004C3FE0 /* DashboardViewModel.swift in Sources */ = {isa = PBXBuildFile; fileRef = CA72DEEF2A60173E004C3FE0 /* DashboardViewModel.swift */; };
		CA72DEF32A602048004C3FE0 /* CowryModels.swift in Sources */ = {isa = PBXBuildFile; fileRef = CA72DEF22A602048004C3FE0 /* CowryModels.swift */; };
		CA72DEF82A602D11004C3FE0 /* UIViewController+Extension.swift in Sources */ = {isa = PBXBuildFile; fileRef = CA72DEF72A602D11004C3FE0 /* UIViewController+Extension.swift */; };
		CA86261C2A5F414D004EA00E /* CowryButton.swift in Sources */ = {isa = PBXBuildFile; fileRef = CA86261B2A5F414D004EA00E /* CowryButton.swift */; };
		CA88DD582A5F5AF600AE766E /* R.generated.swift in Sources */ = {isa = PBXBuildFile; fileRef = CA88DD572A5F5AF600AE766E /* R.generated.swift */; };
		CA88DD702A5F5CEB00AE766E /* MontserratAlternates-ThinItalic.ttf in Resources */ = {isa = PBXBuildFile; fileRef = CA88DD5E2A5F5CEA00AE766E /* MontserratAlternates-ThinItalic.ttf */; };
		CA88DD712A5F5CEB00AE766E /* MontserratAlternates-Italic.ttf in Resources */ = {isa = PBXBuildFile; fileRef = CA88DD5F2A5F5CEA00AE766E /* MontserratAlternates-Italic.ttf */; };
		CA88DD722A5F5CEB00AE766E /* MontserratAlternates-SemiBold.ttf in Resources */ = {isa = PBXBuildFile; fileRef = CA88DD602A5F5CEA00AE766E /* MontserratAlternates-SemiBold.ttf */; };
		CA88DD732A5F5CEB00AE766E /* MontserratAlternates-Black.ttf in Resources */ = {isa = PBXBuildFile; fileRef = CA88DD612A5F5CEA00AE766E /* MontserratAlternates-Black.ttf */; };
		CA88DD742A5F5CEB00AE766E /* MontserratAlternates-ExtraLight.ttf in Resources */ = {isa = PBXBuildFile; fileRef = CA88DD622A5F5CEA00AE766E /* MontserratAlternates-ExtraLight.ttf */; };
		CA88DD752A5F5CEB00AE766E /* MontserratAlternates-BoldItalic.ttf in Resources */ = {isa = PBXBuildFile; fileRef = CA88DD632A5F5CEA00AE766E /* MontserratAlternates-BoldItalic.ttf */; };
		CA88DD762A5F5CEB00AE766E /* MontserratAlternates-LightItalic.ttf in Resources */ = {isa = PBXBuildFile; fileRef = CA88DD642A5F5CEA00AE766E /* MontserratAlternates-LightItalic.ttf */; };
		CA88DD772A5F5CEB00AE766E /* MontserratAlternates-MediumItalic.ttf in Resources */ = {isa = PBXBuildFile; fileRef = CA88DD652A5F5CEA00AE766E /* MontserratAlternates-MediumItalic.ttf */; };
		CA88DD782A5F5CEB00AE766E /* MontserratAlternates-Regular.ttf in Resources */ = {isa = PBXBuildFile; fileRef = CA88DD662A5F5CEA00AE766E /* MontserratAlternates-Regular.ttf */; };
		CA88DD792A5F5CEB00AE766E /* MontserratAlternates-SemiBoldItalic.ttf in Resources */ = {isa = PBXBuildFile; fileRef = CA88DD672A5F5CEB00AE766E /* MontserratAlternates-SemiBoldItalic.ttf */; };
		CA88DD7A2A5F5CEB00AE766E /* MontserratAlternates-BlackItalic.ttf in Resources */ = {isa = PBXBuildFile; fileRef = CA88DD682A5F5CEB00AE766E /* MontserratAlternates-BlackItalic.ttf */; };
		CA88DD7B2A5F5CEB00AE766E /* MontserratAlternates-Medium.ttf in Resources */ = {isa = PBXBuildFile; fileRef = CA88DD692A5F5CEB00AE766E /* MontserratAlternates-Medium.ttf */; };
		CA88DD7C2A5F5CEB00AE766E /* MontserratAlternates-ExtraBoldItalic.ttf in Resources */ = {isa = PBXBuildFile; fileRef = CA88DD6A2A5F5CEB00AE766E /* MontserratAlternates-ExtraBoldItalic.ttf */; };
		CA88DD7D2A5F5CEB00AE766E /* MontserratAlternates-Light.ttf in Resources */ = {isa = PBXBuildFile; fileRef = CA88DD6B2A5F5CEB00AE766E /* MontserratAlternates-Light.ttf */; };
		CA88DD7E2A5F5CEB00AE766E /* MontserratAlternates-Bold.ttf in Resources */ = {isa = PBXBuildFile; fileRef = CA88DD6C2A5F5CEB00AE766E /* MontserratAlternates-Bold.ttf */; };
		CA88DD7F2A5F5CEB00AE766E /* MontserratAlternates-ExtraLightItalic.ttf in Resources */ = {isa = PBXBuildFile; fileRef = CA88DD6D2A5F5CEB00AE766E /* MontserratAlternates-ExtraLightItalic.ttf */; };
		CA88DD802A5F5CEB00AE766E /* MontserratAlternates-Thin.ttf in Resources */ = {isa = PBXBuildFile; fileRef = CA88DD6E2A5F5CEB00AE766E /* MontserratAlternates-Thin.ttf */; };
		CA88DD812A5F5CEB00AE766E /* MontserratAlternates-ExtraBold.ttf in Resources */ = {isa = PBXBuildFile; fileRef = CA88DD6F2A5F5CEB00AE766E /* MontserratAlternates-ExtraBold.ttf */; };
		CA88DD842A5F5D2200AE766E /* Colors.xcassets in Resources */ = {isa = PBXBuildFile; fileRef = CA88DD832A5F5D2200AE766E /* Colors.xcassets */; };
		CA88DD882A5F6B3000AE766E /* UIView+Extension.swift in Sources */ = {isa = PBXBuildFile; fileRef = CA88DD872A5F6B3000AE766E /* UIView+Extension.swift */; };
		CAFB1B122A5F2FA000D1F6DB /* AppDelegate.swift in Sources */ = {isa = PBXBuildFile; fileRef = CAFB1B112A5F2FA000D1F6DB /* AppDelegate.swift */; };
		CAFB1B142A5F2FA000D1F6DB /* SceneDelegate.swift in Sources */ = {isa = PBXBuildFile; fileRef = CAFB1B132A5F2FA000D1F6DB /* SceneDelegate.swift */; };
		CAFB1B162A5F2FA000D1F6DB /* ViewController.swift in Sources */ = {isa = PBXBuildFile; fileRef = CAFB1B152A5F2FA000D1F6DB /* ViewController.swift */; };
		CAFB1B192A5F2FA000D1F6DB /* Main.storyboard in Resources */ = {isa = PBXBuildFile; fileRef = CAFB1B172A5F2FA000D1F6DB /* Main.storyboard */; };
		CAFB1B1B2A5F2FA100D1F6DB /* Assets.xcassets in Resources */ = {isa = PBXBuildFile; fileRef = CAFB1B1A2A5F2FA100D1F6DB /* Assets.xcassets */; };
		CAFB1B1E2A5F2FA100D1F6DB /* LaunchScreen.storyboard in Resources */ = {isa = PBXBuildFile; fileRef = CAFB1B1C2A5F2FA100D1F6DB /* LaunchScreen.storyboard */; };
/* End PBXBuildFile section */

/* Begin PBXFileReference section */
		56F25D78ED4C8CA807B97C50 /* Pods-cowry-cal.debug.xcconfig */ = {isa = PBXFileReference; includeInIndex = 1; lastKnownFileType = text.xcconfig; name = "Pods-cowry-cal.debug.xcconfig"; path = "Target Support Files/Pods-cowry-cal/Pods-cowry-cal.debug.xcconfig"; sourceTree = "<group>"; };
		7657958B878A757AE2F55B10 /* Pods-cowry-cal.release.xcconfig */ = {isa = PBXFileReference; includeInIndex = 1; lastKnownFileType = text.xcconfig; name = "Pods-cowry-cal.release.xcconfig"; path = "Target Support Files/Pods-cowry-cal/Pods-cowry-cal.release.xcconfig"; sourceTree = "<group>"; };
		B9F3FD2190E324920CB5D23A /* Pods_cowry_cal.framework */ = {isa = PBXFileReference; explicitFileType = wrapper.framework; includeInIndex = 0; path = Pods_cowry_cal.framework; sourceTree = BUILT_PRODUCTS_DIR; };
		CA68DD3B2A60A64600175780 /* Date+Extension.swift */ = {isa = PBXFileReference; lastKnownFileType = sourcecode.swift; path = "Date+Extension.swift"; sourceTree = "<group>"; };
		CA68DD3E2A60BF3100175780 /* 1.png */ = {isa = PBXFileReference; lastKnownFileType = image.png; path = 1.png; sourceTree = "<group>"; };
		CA68DD3F2A60BF3100175780 /* 2.png */ = {isa = PBXFileReference; lastKnownFileType = image.png; path = 2.png; sourceTree = "<group>"; };
		CA68DD402A60BF3100175780 /* 3.png */ = {isa = PBXFileReference; lastKnownFileType = image.png; path = 3.png; sourceTree = "<group>"; };
		CA72DEEF2A60173E004C3FE0 /* DashboardViewModel.swift */ = {isa = PBXFileReference; lastKnownFileType = sourcecode.swift; path = DashboardViewModel.swift; sourceTree = "<group>"; };
		CA72DEF22A602048004C3FE0 /* CowryModels.swift */ = {isa = PBXFileReference; lastKnownFileType = sourcecode.swift; path = CowryModels.swift; sourceTree = "<group>"; };
		CA72DEF72A602D11004C3FE0 /* UIViewController+Extension.swift */ = {isa = PBXFileReference; lastKnownFileType = sourcecode.swift; path = "UIViewController+Extension.swift"; sourceTree = "<group>"; };
		CA86261B2A5F414D004EA00E /* CowryButton.swift */ = {isa = PBXFileReference; lastKnownFileType = sourcecode.swift; path = CowryButton.swift; sourceTree = "<group>"; };
		CA88DD572A5F5AF600AE766E /* R.generated.swift */ = {isa = PBXFileReference; lastKnownFileType = sourcecode.swift; path = R.generated.swift; sourceTree = "<group>"; };
		CA88DD5E2A5F5CEA00AE766E /* MontserratAlternates-ThinItalic.ttf */ = {isa = PBXFileReference; lastKnownFileType = file; path = "MontserratAlternates-ThinItalic.ttf"; sourceTree = "<group>"; };
		CA88DD5F2A5F5CEA00AE766E /* MontserratAlternates-Italic.ttf */ = {isa = PBXFileReference; lastKnownFileType = file; path = "MontserratAlternates-Italic.ttf"; sourceTree = "<group>"; };
		CA88DD602A5F5CEA00AE766E /* MontserratAlternates-SemiBold.ttf */ = {isa = PBXFileReference; lastKnownFileType = file; path = "MontserratAlternates-SemiBold.ttf"; sourceTree = "<group>"; };
		CA88DD612A5F5CEA00AE766E /* MontserratAlternates-Black.ttf */ = {isa = PBXFileReference; lastKnownFileType = file; path = "MontserratAlternates-Black.ttf"; sourceTree = "<group>"; };
		CA88DD622A5F5CEA00AE766E /* MontserratAlternates-ExtraLight.ttf */ = {isa = PBXFileReference; lastKnownFileType = file; path = "MontserratAlternates-ExtraLight.ttf"; sourceTree = "<group>"; };
		CA88DD632A5F5CEA00AE766E /* MontserratAlternates-BoldItalic.ttf */ = {isa = PBXFileReference; lastKnownFileType = file; path = "MontserratAlternates-BoldItalic.ttf"; sourceTree = "<group>"; };
		CA88DD642A5F5CEA00AE766E /* MontserratAlternates-LightItalic.ttf */ = {isa = PBXFileReference; lastKnownFileType = file; path = "MontserratAlternates-LightItalic.ttf"; sourceTree = "<group>"; };
		CA88DD652A5F5CEA00AE766E /* MontserratAlternates-MediumItalic.ttf */ = {isa = PBXFileReference; lastKnownFileType = file; path = "MontserratAlternates-MediumItalic.ttf"; sourceTree = "<group>"; };
		CA88DD662A5F5CEA00AE766E /* MontserratAlternates-Regular.ttf */ = {isa = PBXFileReference; lastKnownFileType = file; path = "MontserratAlternates-Regular.ttf"; sourceTree = "<group>"; };
		CA88DD672A5F5CEB00AE766E /* MontserratAlternates-SemiBoldItalic.ttf */ = {isa = PBXFileReference; lastKnownFileType = file; path = "MontserratAlternates-SemiBoldItalic.ttf"; sourceTree = "<group>"; };
		CA88DD682A5F5CEB00AE766E /* MontserratAlternates-BlackItalic.ttf */ = {isa = PBXFileReference; lastKnownFileType = file; path = "MontserratAlternates-BlackItalic.ttf"; sourceTree = "<group>"; };
		CA88DD692A5F5CEB00AE766E /* MontserratAlternates-Medium.ttf */ = {isa = PBXFileReference; lastKnownFileType = file; path = "MontserratAlternates-Medium.ttf"; sourceTree = "<group>"; };
		CA88DD6A2A5F5CEB00AE766E /* MontserratAlternates-ExtraBoldItalic.ttf */ = {isa = PBXFileReference; lastKnownFileType = file; path = "MontserratAlternates-ExtraBoldItalic.ttf"; sourceTree = "<group>"; };
		CA88DD6B2A5F5CEB00AE766E /* MontserratAlternates-Light.ttf */ = {isa = PBXFileReference; lastKnownFileType = file; path = "MontserratAlternates-Light.ttf"; sourceTree = "<group>"; };
		CA88DD6C2A5F5CEB00AE766E /* MontserratAlternates-Bold.ttf */ = {isa = PBXFileReference; lastKnownFileType = file; path = "MontserratAlternates-Bold.ttf"; sourceTree = "<group>"; };
		CA88DD6D2A5F5CEB00AE766E /* MontserratAlternates-ExtraLightItalic.ttf */ = {isa = PBXFileReference; lastKnownFileType = file; path = "MontserratAlternates-ExtraLightItalic.ttf"; sourceTree = "<group>"; };
		CA88DD6E2A5F5CEB00AE766E /* MontserratAlternates-Thin.ttf */ = {isa = PBXFileReference; lastKnownFileType = file; path = "MontserratAlternates-Thin.ttf"; sourceTree = "<group>"; };
		CA88DD6F2A5F5CEB00AE766E /* MontserratAlternates-ExtraBold.ttf */ = {isa = PBXFileReference; lastKnownFileType = file; path = "MontserratAlternates-ExtraBold.ttf"; sourceTree = "<group>"; };
		CA88DD832A5F5D2200AE766E /* Colors.xcassets */ = {isa = PBXFileReference; lastKnownFileType = folder.assetcatalog; path = Colors.xcassets; sourceTree = "<group>"; };
		CA88DD872A5F6B3000AE766E /* UIView+Extension.swift */ = {isa = PBXFileReference; lastKnownFileType = sourcecode.swift; path = "UIView+Extension.swift"; sourceTree = "<group>"; };
		CAFB1B0E2A5F2FA000D1F6DB /* cowry-cal.app */ = {isa = PBXFileReference; explicitFileType = wrapper.application; includeInIndex = 0; path = "cowry-cal.app"; sourceTree = BUILT_PRODUCTS_DIR; };
		CAFB1B112A5F2FA000D1F6DB /* AppDelegate.swift */ = {isa = PBXFileReference; lastKnownFileType = sourcecode.swift; path = AppDelegate.swift; sourceTree = "<group>"; };
		CAFB1B132A5F2FA000D1F6DB /* SceneDelegate.swift */ = {isa = PBXFileReference; lastKnownFileType = sourcecode.swift; path = SceneDelegate.swift; sourceTree = "<group>"; };
		CAFB1B152A5F2FA000D1F6DB /* ViewController.swift */ = {isa = PBXFileReference; lastKnownFileType = sourcecode.swift; path = ViewController.swift; sourceTree = "<group>"; };
		CAFB1B182A5F2FA000D1F6DB /* Base */ = {isa = PBXFileReference; lastKnownFileType = file.storyboard; name = Base; path = Base.lproj/Main.storyboard; sourceTree = "<group>"; };
		CAFB1B1A2A5F2FA100D1F6DB /* Assets.xcassets */ = {isa = PBXFileReference; lastKnownFileType = folder.assetcatalog; path = Assets.xcassets; sourceTree = "<group>"; };
		CAFB1B1D2A5F2FA100D1F6DB /* Base */ = {isa = PBXFileReference; lastKnownFileType = file.storyboard; name = Base; path = Base.lproj/LaunchScreen.storyboard; sourceTree = "<group>"; };
		CAFB1B1F2A5F2FA100D1F6DB /* Info.plist */ = {isa = PBXFileReference; lastKnownFileType = text.plist.xml; path = Info.plist; sourceTree = "<group>"; };
/* End PBXFileReference section */

/* Begin PBXFrameworksBuildPhase section */
		CAFB1B0B2A5F2FA000D1F6DB /* Frameworks */ = {
			isa = PBXFrameworksBuildPhase;
			buildActionMask = 2147483647;
			files = (
				407D65BB34BBF0C5D82CA089 /* Pods_cowry_cal.framework in Frameworks */,
			);
			runOnlyForDeploymentPostprocessing = 0;
		};
/* End PBXFrameworksBuildPhase section */

/* Begin PBXGroup section */
		97C13FFB92B150510C04AA73 /* Frameworks */ = {
			isa = PBXGroup;
			children = (
				B9F3FD2190E324920CB5D23A /* Pods_cowry_cal.framework */,
			);
			name = Frameworks;
			sourceTree = "<group>";
		};
		C4C2818A88FAFA488BDC1047 /* Pods */ = {
			isa = PBXGroup;
			children = (
				56F25D78ED4C8CA807B97C50 /* Pods-cowry-cal.debug.xcconfig */,
				7657958B878A757AE2F55B10 /* Pods-cowry-cal.release.xcconfig */,
			);
			path = Pods;
			sourceTree = "<group>";
		};
		CA68DD3D2A60BF0000175780 /* Documentation */ = {
			isa = PBXGroup;
			children = (
				CA68DD3E2A60BF3100175780 /* 1.png */,
				CA68DD3F2A60BF3100175780 /* 2.png */,
				CA68DD402A60BF3100175780 /* 3.png */,
			);
			path = Documentation;
			sourceTree = "<group>";
		};
		CA72DEF12A602038004C3FE0 /* Models */ = {
			isa = PBXGroup;
			children = (
				CA72DEF22A602048004C3FE0 /* CowryModels.swift */,
			);
			path = Models;
			sourceTree = "<group>";
		};
		CA8626172A5F40BB004EA00E /* UI */ = {
			isa = PBXGroup;
			children = (
				CA86261A2A5F4103004EA00E /* Component */,
				CA8626182A5F40E5004EA00E /* Feature */,
			);
			path = UI;
			sourceTree = "<group>";
		};
		CA8626182A5F40E5004EA00E /* Feature */ = {
			isa = PBXGroup;
			children = (
				CA8626192A5F40F4004EA00E /* Dashboard */,
			);
			path = Feature;
			sourceTree = "<group>";
		};
		CA8626192A5F40F4004EA00E /* Dashboard */ = {
			isa = PBXGroup;
			children = (
				CAFB1B172A5F2FA000D1F6DB /* Main.storyboard */,
				CAFB1B152A5F2FA000D1F6DB /* ViewController.swift */,
				CA72DEEF2A60173E004C3FE0 /* DashboardViewModel.swift */,
			);
			path = Dashboard;
			sourceTree = "<group>";
		};
		CA86261A2A5F4103004EA00E /* Component */ = {
			isa = PBXGroup;
			children = (
				CA86261B2A5F414D004EA00E /* CowryButton.swift */,
			);
			path = Component;
			sourceTree = "<group>";
		};
		CA88DD592A5F5C7800AE766E /* Resources */ = {
			isa = PBXGroup;
			children = (
				CA88DD822A5F5D0D00AE766E /* Assets */,
				CA88DD5B2A5F5C8E00AE766E /* Fonts */,
			);
			path = Resources;
			sourceTree = "<group>";
		};
		CA88DD5B2A5F5C8E00AE766E /* Fonts */ = {
			isa = PBXGroup;
			children = (
				CA88DD5D2A5F5C9D00AE766E /* Montserrat */,
			);
			path = Fonts;
			sourceTree = "<group>";
		};
		CA88DD5D2A5F5C9D00AE766E /* Montserrat */ = {
			isa = PBXGroup;
			children = (
				CA88DD612A5F5CEA00AE766E /* MontserratAlternates-Black.ttf */,
				CA88DD682A5F5CEB00AE766E /* MontserratAlternates-BlackItalic.ttf */,
				CA88DD6C2A5F5CEB00AE766E /* MontserratAlternates-Bold.ttf */,
				CA88DD632A5F5CEA00AE766E /* MontserratAlternates-BoldItalic.ttf */,
				CA88DD6F2A5F5CEB00AE766E /* MontserratAlternates-ExtraBold.ttf */,
				CA88DD6A2A5F5CEB00AE766E /* MontserratAlternates-ExtraBoldItalic.ttf */,
				CA88DD622A5F5CEA00AE766E /* MontserratAlternates-ExtraLight.ttf */,
				CA88DD6D2A5F5CEB00AE766E /* MontserratAlternates-ExtraLightItalic.ttf */,
				CA88DD5F2A5F5CEA00AE766E /* MontserratAlternates-Italic.ttf */,
				CA88DD6B2A5F5CEB00AE766E /* MontserratAlternates-Light.ttf */,
				CA88DD642A5F5CEA00AE766E /* MontserratAlternates-LightItalic.ttf */,
				CA88DD692A5F5CEB00AE766E /* MontserratAlternates-Medium.ttf */,
				CA88DD652A5F5CEA00AE766E /* MontserratAlternates-MediumItalic.ttf */,
				CA88DD662A5F5CEA00AE766E /* MontserratAlternates-Regular.ttf */,
				CA88DD602A5F5CEA00AE766E /* MontserratAlternates-SemiBold.ttf */,
				CA88DD672A5F5CEB00AE766E /* MontserratAlternates-SemiBoldItalic.ttf */,
				CA88DD6E2A5F5CEB00AE766E /* MontserratAlternates-Thin.ttf */,
				CA88DD5E2A5F5CEA00AE766E /* MontserratAlternates-ThinItalic.ttf */,
			);
			path = Montserrat;
			sourceTree = "<group>";
		};
		CA88DD822A5F5D0D00AE766E /* Assets */ = {
			isa = PBXGroup;
			children = (
				CAFB1B1A2A5F2FA100D1F6DB /* Assets.xcassets */,
				CA88DD832A5F5D2200AE766E /* Colors.xcassets */,
			);
			path = Assets;
			sourceTree = "<group>";
		};
		CA88DD852A5F61B100AE766E /* AppDelegates */ = {
			isa = PBXGroup;
			children = (
				CAFB1B112A5F2FA000D1F6DB /* AppDelegate.swift */,
				CAFB1B132A5F2FA000D1F6DB /* SceneDelegate.swift */,
			);
			path = AppDelegates;
			sourceTree = "<group>";
		};
		CA88DD862A5F6B1A00AE766E /* Extensions */ = {
			isa = PBXGroup;
			children = (
				CA88DD872A5F6B3000AE766E /* UIView+Extension.swift */,
				CA72DEF72A602D11004C3FE0 /* UIViewController+Extension.swift */,
				CA68DD3B2A60A64600175780 /* Date+Extension.swift */,
			);
			path = Extensions;
			sourceTree = "<group>";
		};
		CAFB1B052A5F2FA000D1F6DB = {
			isa = PBXGroup;
			children = (
				CA68DD3D2A60BF0000175780 /* Documentation */,
				CA88DD572A5F5AF600AE766E /* R.generated.swift */,
				CAFB1B102A5F2FA000D1F6DB /* cowry-cal */,
				CAFB1B0F2A5F2FA000D1F6DB /* Products */,
				C4C2818A88FAFA488BDC1047 /* Pods */,
				97C13FFB92B150510C04AA73 /* Frameworks */,
			);
			sourceTree = "<group>";
		};
		CAFB1B0F2A5F2FA000D1F6DB /* Products */ = {
			isa = PBXGroup;
			children = (
				CAFB1B0E2A5F2FA000D1F6DB /* cowry-cal.app */,
			);
			name = Products;
			sourceTree = "<group>";
		};
		CAFB1B102A5F2FA000D1F6DB /* cowry-cal */ = {
			isa = PBXGroup;
			children = (
				CA72DEF12A602038004C3FE0 /* Models */,
				CA88DD862A5F6B1A00AE766E /* Extensions */,
				CA88DD852A5F61B100AE766E /* AppDelegates */,
				CA88DD592A5F5C7800AE766E /* Resources */,
				CA8626172A5F40BB004EA00E /* UI */,
				CAFB1B1C2A5F2FA100D1F6DB /* LaunchScreen.storyboard */,
				CAFB1B1F2A5F2FA100D1F6DB /* Info.plist */,
			);
			path = "cowry-cal";
			sourceTree = "<group>";
		};
/* End PBXGroup section */

/* Begin PBXNativeTarget section */
		CAFB1B0D2A5F2FA000D1F6DB /* cowry-cal */ = {
			isa = PBXNativeTarget;
			buildConfigurationList = CAFB1B222A5F2FA100D1F6DB /* Build configuration list for PBXNativeTarget "cowry-cal" */;
			buildPhases = (
				A7178A03418636E42A8E73B3 /* [CP] Check Pods Manifest.lock */,
				CA86261D2A5F4309004EA00E /* Run R.swift */,
				CAFB1B0A2A5F2FA000D1F6DB /* Sources */,
				CAFB1B0B2A5F2FA000D1F6DB /* Frameworks */,
				CAFB1B0C2A5F2FA000D1F6DB /* Resources */,
				4F918FC421F9DA7B6437C4E6 /* [CP] Embed Pods Frameworks */,
			);
			buildRules = (
			);
			dependencies = (
			);
			name = "cowry-cal";
			productName = "cowry-cal";
			productReference = CAFB1B0E2A5F2FA000D1F6DB /* cowry-cal.app */;
			productType = "com.apple.product-type.application";
		};
/* End PBXNativeTarget section */

/* Begin PBXProject section */
		CAFB1B062A5F2FA000D1F6DB /* Project object */ = {
			isa = PBXProject;
			attributes = {
				BuildIndependentTargetsInParallel = 1;
				LastSwiftUpdateCheck = 1430;
				LastUpgradeCheck = 1430;
				TargetAttributes = {
					CAFB1B0D2A5F2FA000D1F6DB = {
						CreatedOnToolsVersion = 14.3;
					};
				};
			};
			buildConfigurationList = CAFB1B092A5F2FA000D1F6DB /* Build configuration list for PBXProject "cowry-cal" */;
			compatibilityVersion = "Xcode 14.0";
			developmentRegion = en;
			hasScannedForEncodings = 0;
			knownRegions = (
				en,
				Base,
			);
			mainGroup = CAFB1B052A5F2FA000D1F6DB;
			productRefGroup = CAFB1B0F2A5F2FA000D1F6DB /* Products */;
			projectDirPath = "";
			projectRoot = "";
			targets = (
				CAFB1B0D2A5F2FA000D1F6DB /* cowry-cal */,
			);
		};
/* End PBXProject section */

/* Begin PBXResourcesBuildPhase section */
		CAFB1B0C2A5F2FA000D1F6DB /* Resources */ = {
			isa = PBXResourcesBuildPhase;
			buildActionMask = 2147483647;
			files = (
				CA88DD752A5F5CEB00AE766E /* MontserratAlternates-BoldItalic.ttf in Resources */,
				CA88DD7E2A5F5CEB00AE766E /* MontserratAlternates-Bold.ttf in Resources */,
				CA88DD762A5F5CEB00AE766E /* MontserratAlternates-LightItalic.ttf in Resources */,
				CA88DD7A2A5F5CEB00AE766E /* MontserratAlternates-BlackItalic.ttf in Resources */,
				CAFB1B1E2A5F2FA100D1F6DB /* LaunchScreen.storyboard in Resources */,
				CA88DD7B2A5F5CEB00AE766E /* MontserratAlternates-Medium.ttf in Resources */,
				CA88DD7D2A5F5CEB00AE766E /* MontserratAlternates-Light.ttf in Resources */,
				CA88DD792A5F5CEB00AE766E /* MontserratAlternates-SemiBoldItalic.ttf in Resources */,
				CA88DD732A5F5CEB00AE766E /* MontserratAlternates-Black.ttf in Resources */,
				CA88DD742A5F5CEB00AE766E /* MontserratAlternates-ExtraLight.ttf in Resources */,
				CAFB1B1B2A5F2FA100D1F6DB /* Assets.xcassets in Resources */,
				CA88DD7F2A5F5CEB00AE766E /* MontserratAlternates-ExtraLightItalic.ttf in Resources */,
				CAFB1B192A5F2FA000D1F6DB /* Main.storyboard in Resources */,
				CA88DD842A5F5D2200AE766E /* Colors.xcassets in Resources */,
				CA88DD722A5F5CEB00AE766E /* MontserratAlternates-SemiBold.ttf in Resources */,
				CA88DD812A5F5CEB00AE766E /* MontserratAlternates-ExtraBold.ttf in Resources */,
				CA88DD712A5F5CEB00AE766E /* MontserratAlternates-Italic.ttf in Resources */,
				CA88DD772A5F5CEB00AE766E /* MontserratAlternates-MediumItalic.ttf in Resources */,
				CA88DD782A5F5CEB00AE766E /* MontserratAlternates-Regular.ttf in Resources */,
				CA88DD7C2A5F5CEB00AE766E /* MontserratAlternates-ExtraBoldItalic.ttf in Resources */,
				CA88DD702A5F5CEB00AE766E /* MontserratAlternates-ThinItalic.ttf in Resources */,
				CA88DD802A5F5CEB00AE766E /* MontserratAlternates-Thin.ttf in Resources */,
			);
			runOnlyForDeploymentPostprocessing = 0;
		};
/* End PBXResourcesBuildPhase section */

/* Begin PBXShellScriptBuildPhase section */
		4F918FC421F9DA7B6437C4E6 /* [CP] Embed Pods Frameworks */ = {
			isa = PBXShellScriptBuildPhase;
			buildActionMask = 2147483647;
			files = (
			);
			inputFileListPaths = (
				"${PODS_ROOT}/Target Support Files/Pods-cowry-cal/Pods-cowry-cal-frameworks-${CONFIGURATION}-input-files.xcfilelist",
			);
			name = "[CP] Embed Pods Frameworks";
			outputFileListPaths = (
				"${PODS_ROOT}/Target Support Files/Pods-cowry-cal/Pods-cowry-cal-frameworks-${CONFIGURATION}-output-files.xcfilelist",
			);
			runOnlyForDeploymentPostprocessing = 0;
			shellPath = /bin/sh;
			shellScript = "\"${PODS_ROOT}/Target Support Files/Pods-cowry-cal/Pods-cowry-cal-frameworks.sh\"\n";
			showEnvVarsInLog = 0;
		};
		A7178A03418636E42A8E73B3 /* [CP] Check Pods Manifest.lock */ = {
			isa = PBXShellScriptBuildPhase;
			buildActionMask = 2147483647;
			files = (
			);
			inputFileListPaths = (
			);
			inputPaths = (
				"${PODS_PODFILE_DIR_PATH}/Podfile.lock",
				"${PODS_ROOT}/Manifest.lock",
			);
			name = "[CP] Check Pods Manifest.lock";
			outputFileListPaths = (
			);
			outputPaths = (
				"$(DERIVED_FILE_DIR)/Pods-cowry-cal-checkManifestLockResult.txt",
			);
			runOnlyForDeploymentPostprocessing = 0;
			shellPath = /bin/sh;
			shellScript = "diff \"${PODS_PODFILE_DIR_PATH}/Podfile.lock\" \"${PODS_ROOT}/Manifest.lock\" > /dev/null\nif [ $? != 0 ] ; then\n    # print error to STDERR\n    echo \"error: The sandbox is not in sync with the Podfile.lock. Run 'pod install' or update your CocoaPods installation.\" >&2\n    exit 1\nfi\n# This output is used by Xcode 'outputs' to avoid re-running this script phase.\necho \"SUCCESS\" > \"${SCRIPT_OUTPUT_FILE_0}\"\n";
			showEnvVarsInLog = 0;
		};
		CA86261D2A5F4309004EA00E /* Run R.swift */ = {
			isa = PBXShellScriptBuildPhase;
			alwaysOutOfDate = 1;
			buildActionMask = 2147483647;
			files = (
			);
			inputFileListPaths = (
				"",
			);
			inputPaths = (
				"",
			);
			name = "Run R.swift";
			outputFileListPaths = (
			);
			outputPaths = (
				$SRCROOT/R.generated.swift,
			);
			runOnlyForDeploymentPostprocessing = 0;
			shellPath = /bin/sh;
			shellScript = "# Type a script or drag a script file from your workspace to insert its path.\n\"$PODS_ROOT/R.swift/rswift\" generate \"$SRCROOT/R.generated.swift\"\n";
		};
/* End PBXShellScriptBuildPhase section */

/* Begin PBXSourcesBuildPhase section */
		CAFB1B0A2A5F2FA000D1F6DB /* Sources */ = {
			isa = PBXSourcesBuildPhase;
			buildActionMask = 2147483647;
			files = (
				CA72DEF82A602D11004C3FE0 /* UIViewController+Extension.swift in Sources */,
				CA68DD3C2A60A64700175780 /* Date+Extension.swift in Sources */,
				CA88DD882A5F6B3000AE766E /* UIView+Extension.swift in Sources */,
				CA88DD582A5F5AF600AE766E /* R.generated.swift in Sources */,
				CA86261C2A5F414D004EA00E /* CowryButton.swift in Sources */,
				CA72DEF02A60173E004C3FE0 /* DashboardViewModel.swift in Sources */,
				CAFB1B162A5F2FA000D1F6DB /* ViewController.swift in Sources */,
				CAFB1B122A5F2FA000D1F6DB /* AppDelegate.swift in Sources */,
				CAFB1B142A5F2FA000D1F6DB /* SceneDelegate.swift in Sources */,
				CA72DEF32A602048004C3FE0 /* CowryModels.swift in Sources */,
			);
			runOnlyForDeploymentPostprocessing = 0;
		};
/* End PBXSourcesBuildPhase section */

/* Begin PBXVariantGroup section */
		CAFB1B172A5F2FA000D1F6DB /* Main.storyboard */ = {
			isa = PBXVariantGroup;
			children = (
				CAFB1B182A5F2FA000D1F6DB /* Base */,
			);
			name = Main.storyboard;
			sourceTree = "<group>";
		};
		CAFB1B1C2A5F2FA100D1F6DB /* LaunchScreen.storyboard */ = {
			isa = PBXVariantGroup;
			children = (
				CAFB1B1D2A5F2FA100D1F6DB /* Base */,
			);
			name = LaunchScreen.storyboard;
			sourceTree = "<group>";
		};
/* End PBXVariantGroup section */

/* Begin XCBuildConfiguration section */
		CAFB1B202A5F2FA100D1F6DB /* Debug */ = {
			isa = XCBuildConfiguration;
			buildSettings = {
				ALWAYS_SEARCH_USER_PATHS = NO;
				CLANG_ANALYZER_NONNULL = YES;
				CLANG_ANALYZER_NUMBER_OBJECT_CONVERSION = YES_AGGRESSIVE;
				CLANG_CXX_LANGUAGE_STANDARD = "gnu++20";
				CLANG_ENABLE_MODULES = YES;
				CLANG_ENABLE_OBJC_ARC = YES;
				CLANG_ENABLE_OBJC_WEAK = YES;
				CLANG_WARN_BLOCK_CAPTURE_AUTORELEASING = YES;
				CLANG_WARN_BOOL_CONVERSION = YES;
				CLANG_WARN_COMMA = YES;
				CLANG_WARN_CONSTANT_CONVERSION = YES;
				CLANG_WARN_DEPRECATED_OBJC_IMPLEMENTATIONS = YES;
				CLANG_WARN_DIRECT_OBJC_ISA_USAGE = YES_ERROR;
				CLANG_WARN_DOCUMENTATION_COMMENTS = YES;
				CLANG_WARN_EMPTY_BODY = YES;
				CLANG_WARN_ENUM_CONVERSION = YES;
				CLANG_WARN_INFINITE_RECURSION = YES;
				CLANG_WARN_INT_CONVERSION = YES;
				CLANG_WARN_NON_LITERAL_NULL_CONVERSION = YES;
				CLANG_WARN_OBJC_IMPLICIT_RETAIN_SELF = YES;
				CLANG_WARN_OBJC_LITERAL_CONVERSION = YES;
				CLANG_WARN_OBJC_ROOT_CLASS = YES_ERROR;
				CLANG_WARN_QUOTED_INCLUDE_IN_FRAMEWORK_HEADER = YES;
				CLANG_WARN_RANGE_LOOP_ANALYSIS = YES;
				CLANG_WARN_STRICT_PROTOTYPES = YES;
				CLANG_WARN_SUSPICIOUS_MOVE = YES;
				CLANG_WARN_UNGUARDED_AVAILABILITY = YES_AGGRESSIVE;
				CLANG_WARN_UNREACHABLE_CODE = YES;
				CLANG_WARN__DUPLICATE_METHOD_MATCH = YES;
				COPY_PHASE_STRIP = NO;
				DEBUG_INFORMATION_FORMAT = dwarf;
				ENABLE_STRICT_OBJC_MSGSEND = YES;
				ENABLE_TESTABILITY = YES;
				GCC_C_LANGUAGE_STANDARD = gnu11;
				GCC_DYNAMIC_NO_PIC = NO;
				GCC_NO_COMMON_BLOCKS = YES;
				GCC_OPTIMIZATION_LEVEL = 0;
				GCC_PREPROCESSOR_DEFINITIONS = (
					"DEBUG=1",
					"$(inherited)",
				);
				GCC_WARN_64_TO_32_BIT_CONVERSION = YES;
				GCC_WARN_ABOUT_RETURN_TYPE = YES_ERROR;
				GCC_WARN_UNDECLARED_SELECTOR = YES;
				GCC_WARN_UNINITIALIZED_AUTOS = YES_AGGRESSIVE;
				GCC_WARN_UNUSED_FUNCTION = YES;
				GCC_WARN_UNUSED_VARIABLE = YES;
				IPHONEOS_DEPLOYMENT_TARGET = 16.4;
				MTL_ENABLE_DEBUG_INFO = INCLUDE_SOURCE;
				MTL_FAST_MATH = YES;
				ONLY_ACTIVE_ARCH = YES;
				SDKROOT = iphoneos;
				SWIFT_ACTIVE_COMPILATION_CONDITIONS = DEBUG;
				SWIFT_OPTIMIZATION_LEVEL = "-Onone";
			};
			name = Debug;
		};
		CAFB1B212A5F2FA100D1F6DB /* Release */ = {
			isa = XCBuildConfiguration;
			buildSettings = {
				ALWAYS_SEARCH_USER_PATHS = NO;
				CLANG_ANALYZER_NONNULL = YES;
				CLANG_ANALYZER_NUMBER_OBJECT_CONVERSION = YES_AGGRESSIVE;
				CLANG_CXX_LANGUAGE_STANDARD = "gnu++20";
				CLANG_ENABLE_MODULES = YES;
				CLANG_ENABLE_OBJC_ARC = YES;
				CLANG_ENABLE_OBJC_WEAK = YES;
				CLANG_WARN_BLOCK_CAPTURE_AUTORELEASING = YES;
				CLANG_WARN_BOOL_CONVERSION = YES;
				CLANG_WARN_COMMA = YES;
				CLANG_WARN_CONSTANT_CONVERSION = YES;
				CLANG_WARN_DEPRECATED_OBJC_IMPLEMENTATIONS = YES;
				CLANG_WARN_DIRECT_OBJC_ISA_USAGE = YES_ERROR;
				CLANG_WARN_DOCUMENTATION_COMMENTS = YES;
				CLANG_WARN_EMPTY_BODY = YES;
				CLANG_WARN_ENUM_CONVERSION = YES;
				CLANG_WARN_INFINITE_RECURSION = YES;
				CLANG_WARN_INT_CONVERSION = YES;
				CLANG_WARN_NON_LITERAL_NULL_CONVERSION = YES;
				CLANG_WARN_OBJC_IMPLICIT_RETAIN_SELF = YES;
				CLANG_WARN_OBJC_LITERAL_CONVERSION = YES;
				CLANG_WARN_OBJC_ROOT_CLASS = YES_ERROR;
				CLANG_WARN_QUOTED_INCLUDE_IN_FRAMEWORK_HEADER = YES;
				CLANG_WARN_RANGE_LOOP_ANALYSIS = YES;
				CLANG_WARN_STRICT_PROTOTYPES = YES;
				CLANG_WARN_SUSPICIOUS_MOVE = YES;
				CLANG_WARN_UNGUARDED_AVAILABILITY = YES_AGGRESSIVE;
				CLANG_WARN_UNREACHABLE_CODE = YES;
				CLANG_WARN__DUPLICATE_METHOD_MATCH = YES;
				COPY_PHASE_STRIP = NO;
				DEBUG_INFORMATION_FORMAT = "dwarf-with-dsym";
				ENABLE_NS_ASSERTIONS = NO;
				ENABLE_STRICT_OBJC_MSGSEND = YES;
				GCC_C_LANGUAGE_STANDARD = gnu11;
				GCC_NO_COMMON_BLOCKS = YES;
				GCC_WARN_64_TO_32_BIT_CONVERSION = YES;
				GCC_WARN_ABOUT_RETURN_TYPE = YES_ERROR;
				GCC_WARN_UNDECLARED_SELECTOR = YES;
				GCC_WARN_UNINITIALIZED_AUTOS = YES_AGGRESSIVE;
				GCC_WARN_UNUSED_FUNCTION = YES;
				GCC_WARN_UNUSED_VARIABLE = YES;
				IPHONEOS_DEPLOYMENT_TARGET = 16.4;
				MTL_ENABLE_DEBUG_INFO = NO;
				MTL_FAST_MATH = YES;
				SDKROOT = iphoneos;
				SWIFT_COMPILATION_MODE = wholemodule;
				SWIFT_OPTIMIZATION_LEVEL = "-O";
				VALIDATE_PRODUCT = YES;
			};
			name = Release;
		};
		CAFB1B232A5F2FA100D1F6DB /* Debug */ = {
			isa = XCBuildConfiguration;
			baseConfigurationReference = 56F25D78ED4C8CA807B97C50 /* Pods-cowry-cal.debug.xcconfig */;
			buildSettings = {
				ASSETCATALOG_COMPILER_APPICON_NAME = AppIcon;
				ASSETCATALOG_COMPILER_GLOBAL_ACCENT_COLOR_NAME = AccentColor;
				CODE_SIGN_STYLE = Automatic;
				CURRENT_PROJECT_VERSION = 1;
				DEVELOPMENT_TEAM = 777GN8TMM9;
				GENERATE_INFOPLIST_FILE = YES;
				INFOPLIST_FILE = "cowry-cal/Info.plist";
				INFOPLIST_KEY_CFBundleDisplayName = "Cowry Calculator";
				INFOPLIST_KEY_UIApplicationSupportsIndirectInputEvents = YES;
				INFOPLIST_KEY_UILaunchStoryboardName = LaunchScreen;
				INFOPLIST_KEY_UIMainStoryboardFile = Main;
				INFOPLIST_KEY_UISupportedInterfaceOrientations = UIInterfaceOrientationPortrait;
				IPHONEOS_DEPLOYMENT_TARGET = 14.0;
				LD_RUNPATH_SEARCH_PATHS = (
					"$(inherited)",
					"@executable_path/Frameworks",
				);
				MARKETING_VERSION = 1.0;
				PRODUCT_BUNDLE_IDENTIFIER = "com.bash.cowry-cal";
				PRODUCT_NAME = "$(TARGET_NAME)";
				SWIFT_EMIT_LOC_STRINGS = YES;
				SWIFT_VERSION = 5.0;
				TARGETED_DEVICE_FAMILY = "1,2";
			};
			name = Debug;
		};
		CAFB1B242A5F2FA100D1F6DB /* Release */ = {
			isa = XCBuildConfiguration;
			baseConfigurationReference = 7657958B878A757AE2F55B10 /* Pods-cowry-cal.release.xcconfig */;
			buildSettings = {
				ASSETCATALOG_COMPILER_APPICON_NAME = AppIcon;
				ASSETCATALOG_COMPILER_GLOBAL_ACCENT_COLOR_NAME = AccentColor;
				CODE_SIGN_STYLE = Automatic;
				CURRENT_PROJECT_VERSION = 1;
				DEVELOPMENT_TEAM = 777GN8TMM9;
				GENERATE_INFOPLIST_FILE = YES;
				INFOPLIST_FILE = "cowry-cal/Info.plist";
				INFOPLIST_KEY_CFBundleDisplayName = "Cowry Calculator";
				INFOPLIST_KEY_UIApplicationSupportsIndirectInputEvents = YES;
				INFOPLIST_KEY_UILaunchStoryboardName = LaunchScreen;
				INFOPLIST_KEY_UIMainStoryboardFile = Main;
				INFOPLIST_KEY_UISupportedInterfaceOrientations = UIInterfaceOrientationPortrait;
				IPHONEOS_DEPLOYMENT_TARGET = 14.0;
				LD_RUNPATH_SEARCH_PATHS = (
					"$(inherited)",
					"@executable_path/Frameworks",
				);
				MARKETING_VERSION = 1.0;
				PRODUCT_BUNDLE_IDENTIFIER = "com.bash.cowry-cal";
				PRODUCT_NAME = "$(TARGET_NAME)";
				SWIFT_EMIT_LOC_STRINGS = YES;
				SWIFT_VERSION = 5.0;
				TARGETED_DEVICE_FAMILY = "1,2";
			};
			name = Release;
		};
/* End XCBuildConfiguration section */

/* Begin XCConfigurationList section */
		CAFB1B092A5F2FA000D1F6DB /* Build configuration list for PBXProject "cowry-cal" */ = {
			isa = XCConfigurationList;
			buildConfigurations = (
				CAFB1B202A5F2FA100D1F6DB /* Debug */,
				CAFB1B212A5F2FA100D1F6DB /* Release */,
			);
			defaultConfigurationIsVisible = 0;
			defaultConfigurationName = Release;
		};
		CAFB1B222A5F2FA100D1F6DB /* Build configuration list for PBXNativeTarget "cowry-cal" */ = {
			isa = XCConfigurationList;
			buildConfigurations = (
				CAFB1B232A5F2FA100D1F6DB /* Debug */,
				CAFB1B242A5F2FA100D1F6DB /* Release */,
			);
			defaultConfigurationIsVisible = 0;
			defaultConfigurationName = Release;
		};
/* End XCConfigurationList section */
	};
	rootObject = CAFB1B062A5F2FA000D1F6DB /* Project object */;
}
